
Microsoft Visual Studio Solution File, Format Version 12.00
# Visual Studio Version 16
VisualStudioVersion = 16.0.30503.244
MinimumVisualStudioVersion = 10.0.40219.1
Project("{9A19103F-16F7-4668-BE54-9A1E7A4F7556}") = "AdeptusMechanicusArmoury", "AdeptusMechanicusArmoury.csproj", "{2AC73323-B4F2-4592-B3EA-53AC4F8D73A7}"
	ProjectSection(ProjectDependencies) = postProject
		{08E20D0E-4493-4DFE-9212-DEC323F26E89} = {08E20D0E-4493-4DFE-9212-DEC323F26E89}
		{6F66FD2A-833A-426B-8389-4B3548A9C47A} = {6F66FD2A-833A-426B-8389-4B3548A9C47A}
		{EC1AEA45-45FE-4A6A-A835-81B289E03BC9} = {EC1AEA45-45FE-4A6A-A835-81B289E03BC9}
		{79BE6C49-4BA3-4562-8447-7EA3BBB53F2D} = {79BE6C49-4BA3-4562-8447-7EA3BBB53F2D}
		{1FDB8869-FB6D-469D-9BF7-12671B1A3F87} = {1FDB8869-FB6D-469D-9BF7-12671B1A3F87}
	EndProjectSection
EndProject
Project("{9A19103F-16F7-4668-BE54-9A1E7A4F7556}") = "AbilitiesExtended", "..\..\..\..\..\..\..\..\..\..\Users\User\Desktop\OgsTools\AbilitiesExtended\1.3\AbilitiesExtended.csproj", "{79BE6C49-4BA3-4562-8447-7EA3BBB53F2D}"
EndProject
Project("{9A19103F-16F7-4668-BE54-9A1E7A4F7556}") = "AdvancedGraphics", "..\..\..\..\..\..\..\..\..\..\Users\User\Desktop\OgsTools\AdvancedGraphics\1.3\AdvancedGraphics.csproj", "{6F66FD2A-833A-426B-8389-4B3548A9C47A}"
EndProject
Project("{9A19103F-16F7-4668-BE54-9A1E7A4F7556}") = "CompOversizedWeapon", "..\..\..\..\..\..\..\..\..\..\Users\User\Desktop\OgsTools\CompOversizedWeapon\1.3\CompOversizedWeapon.csproj", "{08E20D0E-4493-4DFE-9212-DEC323F26E89}"
EndProject
Project("{9A19103F-16F7-4668-BE54-9A1E7A4F7556}") = "CompActivatableEffect", "..\..\..\..\..\..\..\..\..\..\Users\User\Desktop\OgsTools\CompActivatableEffect\1.3\CompActivatableEffect.csproj", "{EC1AEA45-45FE-4A6A-A835-81B289E03BC9}"
EndProject
Project("{9A19103F-16F7-4668-BE54-9A1E7A4F7556}") = "CompTurret", "..\..\..\..\..\..\..\..\..\..\Users\User\Desktop\OgsTools\CompTurret\1.3\CompTurret.csproj", "{1FDB8869-FB6D-469D-9BF7-12671B1A3F87}"
EndProject
Project("{9A19103F-16F7-4668-BE54-9A1E7A4F7556}") = "AdeptusMechanicusXenobiologis", "..\..\..\..\AdMechXeno\1.3\Source\AdeptusMechanicusXenobiologis\AdeptusMechanicusXenobiologis.csproj", "{25320202-14A6-42ED-AA6A-602006FD55B9}"
	ProjectSection(ProjectDependencies) = postProject
		{2AC73323-B4F2-4592-B3EA-53AC4F8D73A7} = {2AC73323-B4F2-4592-B3EA-53AC4F8D73A7}
		{94396E79-3450-4842-A51C-2B52EF217C72} = {94396E79-3450-4842-A51C-2B52EF217C72}
		{FC10BCFE-3722-4A62-A9FE-FC56AA3C5162} = {FC10BCFE-3722-4A62-A9FE-FC56AA3C5162}
	EndProjectSection
EndProject
Project("{9A19103F-16F7-4668-BE54-9A1E7A4F7556}") = "HiveExtension", "..\..\..\..\..\..\..\..\..\..\Users\User\Desktop\OgsTools\FactionHives\1.3\HiveExtension.csproj", "{FC10BCFE-3722-4A62-A9FE-FC56AA3C5162}"
EndProject
Project("{9A19103F-16F7-4668-BE54-9A1E7A4F7556}") = "CrashedShipsExtension", "..\..\..\..\..\..\..\..\..\..\Users\User\Desktop\OgsTools\ExpandedCrashedShips\1.3\CrashedShipsExtension.csproj", "{94396E79-3450-4842-A51C-2B52EF217C72}"
EndProject
Global
	GlobalSection(SolutionConfigurationPlatforms) = preSolution
		Debug|Any CPU = Debug|Any CPU
		Release|Any CPU = Release|Any CPU
	EndGlobalSection
	GlobalSection(ProjectConfigurationPlatforms) = postSolution
		{2AC73323-B4F2-4592-B3EA-53AC4F8D73A7}.Debug|Any CPU.ActiveCfg = Debug|Any CPU
		{2AC73323-B4F2-4592-B3EA-53AC4F8D73A7}.Debug|Any CPU.Build.0 = Debug|Any CPU
		{2AC73323-B4F2-4592-B3EA-53AC4F8D73A7}.Release|Any CPU.ActiveCfg = Release|Any CPU
		{2AC73323-B4F2-4592-B3EA-53AC4F8D73A7}.Release|Any CPU.Build.0 = Release|Any CPU
		{79BE6C49-4BA3-4562-8447-7EA3BBB53F2D}.Debug|Any CPU.ActiveCfg = Debug|Any CPU
		{79BE6C49-4BA3-4562-8447-7EA3BBB53F2D}.Debug|Any CPU.Build.0 = Debug|Any CPU
		{79BE6C49-4BA3-4562-8447-7EA3BBB53F2D}.Release|Any CPU.ActiveCfg = Release|Any CPU
		{79BE6C49-4BA3-4562-8447-7EA3BBB53F2D}.Release|Any CPU.Build.0 = Release|Any CPU
		{6F66FD2A-833A-426B-8389-4B3548A9C47A}.Debug|Any CPU.ActiveCfg = Debug|Any CPU
		{6F66FD2A-833A-426B-8389-4B3548A9C47A}.Debug|Any CPU.Build.0 = Debug|Any CPU
		{6F66FD2A-833A-426B-8389-4B3548A9C47A}.Release|Any CPU.ActiveCfg = Release|Any CPU
		{6F66FD2A-833A-426B-8389-4B3548A9C47A}.Release|Any CPU.Build.0 = Release|Any CPU
		{08E20D0E-4493-4DFE-9212-DEC323F26E89}.Debug|Any CPU.ActiveCfg = Debug|Any CPU
		{08E20D0E-4493-4DFE-9212-DEC323F26E89}.Debug|Any CPU.Build.0 = Debug|Any CPU
		{08E20D0E-4493-4DFE-9212-DEC323F26E89}.Release|Any CPU.ActiveCfg = Release|Any CPU
		{08E20D0E-4493-4DFE-9212-DEC323F26E89}.Release|Any CPU.Build.0 = Release|Any CPU
		{EC1AEA45-45FE-4A6A-A835-81B289E03BC9}.Debug|Any CPU.ActiveCfg = Debug|Any CPU
		{EC1AEA45-45FE-4A6A-A835-81B289E03BC9}.Debug|Any CPU.Build.0 = Debug|Any CPU
		{EC1AEA45-45FE-4A6A-A835-81B289E03BC9}.Release|Any CPU.ActiveCfg = Release|Any CPU
		{EC1AEA45-45FE-4A6A-A835-81B289E03BC9}.Release|Any CPU.Build.0 = Release|Any CPU
		{1FDB8869-FB6D-469D-9BF7-12671B1A3F87}.Debug|Any CPU.ActiveCfg = Debug|Any CPU
		{1FDB8869-FB6D-469D-9BF7-12671B1A3F87}.Debug|Any CPU.Build.0 = Debug|Any CPU
		{1FDB8869-FB6D-469D-9BF7-12671B1A3F87}.Release|Any CPU.ActiveCfg = Release|Any CPU
		{1FDB8869-FB6D-469D-9BF7-12671B1A3F87}.Release|Any CPU.Build.0 = Release|Any CPU
		{25320202-14A6-42ED-AA6A-602006FD55B9}.Debug|Any CPU.ActiveCfg = Debug|Any CPU
		{25320202-14A6-42ED-AA6A-602006FD55B9}.Debug|Any CPU.Build.0 = Debug|Any CPU
		{25320202-14A6-42ED-AA6A-602006FD55B9}.Release|Any CPU.ActiveCfg = Release|Any CPU
		{25320202-14A6-42ED-AA6A-602006FD55B9}.Release|Any CPU.Build.0 = Release|Any CPU
		{FC10BCFE-3722-4A62-A9FE-FC56AA3C5162}.Debug|Any CPU.ActiveCfg = Debug|Any CPU
		{FC10BCFE-3722-4A62-A9FE-FC56AA3C5162}.Debug|Any CPU.Build.0 = Debug|Any CPU
		{FC10BCFE-3722-4A62-A9FE-FC56AA3C5162}.Release|Any CPU.ActiveCfg = Release|Any CPU
		{FC10BCFE-3722-4A62-A9FE-FC56AA3C5162}.Release|Any CPU.Build.0 = Release|Any CPU
		{94396E79-3450-4842-A51C-2B52EF217C72}.Debug|Any CPU.ActiveCfg = Debug|Any CPU
		{94396E79-3450-4842-A51C-2B52EF217C72}.Debug|Any CPU.Build.0 = Debug|Any CPU
		{94396E79-3450-4842-A51C-2B52EF217C72}.Release|Any CPU.ActiveCfg = Release|Any CPU
		{94396E79-3450-4842-A51C-2B52EF217C72}.Release|Any CPU.Build.0 = Release|Any CPU
	EndGlobalSection
	GlobalSection(SolutionProperties) = preSolution
		HideSolutionNode = FALSE
	EndGlobalSection
	GlobalSection(ExtensibilityGlobals) = postSolution
		SolutionGuid = {B5AA26B9-E2A8-4EA2-86D7-F7B84D33D0F7}
	EndGlobalSection
EndGlobal
