
Microsoft Visual Studio Solution File, Format Version 12.00
# Visual Studio Version 16
VisualStudioVersion = 16.0.29905.134
MinimumVisualStudioVersion = 10.0.40219.1
Project("{FAE04EC0-301F-11D3-BF4B-00C04F79EFBC}") = "AdeptusMechanicusArmoury", "AdeptusMechanicusArmoury.csproj", "{2AC73323-B4F2-4592-B3EA-53AC4F8D73A7}"
	ProjectSection(ProjectDependencies) = postProject
		{6EC26D07-B5A0-4075-8919-3B05AF74CE87} = {6EC26D07-B5A0-4075-8919-3B05AF74CE87}
		{08E20D0E-4493-4DFE-9212-DEC323F26E89} = {08E20D0E-4493-4DFE-9212-DEC323F26E89}
		{6F66FD2A-833A-426B-8389-4B3548A9C47A} = {6F66FD2A-833A-426B-8389-4B3548A9C47A}
		{EC1AEA45-45FE-4A6A-A835-81B289E03BC9} = {EC1AEA45-45FE-4A6A-A835-81B289E03BC9}
		{79BE6C49-4BA3-4562-8447-7EA3BBB53F2D} = {79BE6C49-4BA3-4562-8447-7EA3BBB53F2D}
		{1FDB8869-FB6D-469D-9BF7-12671B1A3F87} = {1FDB8869-FB6D-469D-9BF7-12671B1A3F87}
		{94396E79-3450-4842-A51C-2B52EF217C72} = {94396E79-3450-4842-A51C-2B52EF217C72}
		{FC10BCFE-3722-4A62-A9FE-FC56AA3C5162} = {FC10BCFE-3722-4A62-A9FE-FC56AA3C5162}
	EndProjectSection
EndProject
Project("{FAE04EC0-301F-11D3-BF4B-00C04F79EFBC}") = "AdeptusMechanicusXenobiologis", "..\..\..\..\AdMechXeno\1.1\Source\AdeptusMechanicusXenobiologis\AdeptusMechanicusXenobiologis.csproj", "{25320202-14A6-42ED-AA6A-602006FD55B9}"
	ProjectSection(ProjectDependencies) = postProject
		{08E20D0E-4493-4DFE-9212-DEC323F26E89} = {08E20D0E-4493-4DFE-9212-DEC323F26E89}
		{EC1AEA45-45FE-4A6A-A835-81B289E03BC9} = {EC1AEA45-45FE-4A6A-A835-81B289E03BC9}
		{1FDB8869-FB6D-469D-9BF7-12671B1A3F87} = {1FDB8869-FB6D-469D-9BF7-12671B1A3F87}
		{94396E79-3450-4842-A51C-2B52EF217C72} = {94396E79-3450-4842-A51C-2B52EF217C72}
		{FC10BCFE-3722-4A62-A9FE-FC56AA3C5162} = {FC10BCFE-3722-4A62-A9FE-FC56AA3C5162}
	EndProjectSection
EndProject
Project("{FAE04EC0-301F-11D3-BF4B-00C04F79EFBC}") = "AdeptusMechanicusXenoEldar", "..\..\..\..\AdMech-Xeno-AHR-Eldar\1.1\Source\AdeptusMechanicusXenoEldar\AdeptusMechanicusXenoEldar.csproj", "{45E04480-9212-4B79-AB96-555022037B16}"
	ProjectSection(ProjectDependencies) = postProject
		{2AC73323-B4F2-4592-B3EA-53AC4F8D73A7} = {2AC73323-B4F2-4592-B3EA-53AC4F8D73A7}
	EndProjectSection
EndProject
Project("{FAE04EC0-301F-11D3-BF4B-00C04F79EFBC}") = "AdeptusMechanicusXenoOrkz", "..\..\..\..\AdMech-Xeno-AHR-Orkz\1.1\Source\AdeptusMechanicusXenoOrkz\AdeptusMechanicusXenoOrkz.csproj", "{F973FA7C-1F5D-4312-8E66-5E5ACCFE8AE2}"
	ProjectSection(ProjectDependencies) = postProject
		{94396E79-3450-4842-A51C-2B52EF217C72} = {94396E79-3450-4842-A51C-2B52EF217C72}
		{FC10BCFE-3722-4A62-A9FE-FC56AA3C5162} = {FC10BCFE-3722-4A62-A9FE-FC56AA3C5162}
	EndProjectSection
EndProject
Project("{FAE04EC0-301F-11D3-BF4B-00C04F79EFBC}") = "AdeptusMechanicusXenoKroot", "..\..\..\..\AdMech-Xeno-AHR-Tau\1.1\Source\AdeptusMechanicusXenoKroot\AdeptusMechanicusXenoKroot.csproj", "{55818146-B3D3-48F1-B576-66223589FA07}"
EndProject
Project("{FAE04EC0-301F-11D3-BF4B-00C04F79EFBC}") = "AdeptusMechanicusXenoTau", "..\..\..\..\AdMech-Xeno-AHR-Tau\1.1\Source\AdeptusMechanicusXenoTau\AdeptusMechanicusXenoTau.csproj", "{7A58227B-ECDF-4BA0-A688-1A7A9FA1EF2C}"
EndProject
Project("{FAE04EC0-301F-11D3-BF4B-00C04F79EFBC}") = "AdeptusMechanicusXenoVespid", "..\..\..\..\AdMech-Xeno-AHR-Tau\1.1\Source\AdeptusMechanicusXenoVespid\AdeptusMechanicusXenoVespid.csproj", "{AC2AFFD2-5220-4CFB-83AE-B6A6ED9048BD}"
EndProject
Project("{FAE04EC0-301F-11D3-BF4B-00C04F79EFBC}") = "AdeptusMechanicusAstartes", "..\..\..\..\AdMech-Astartes\Source\AdeptusMechanicusAstartes\AdeptusMechanicusAstartes.csproj", "{0FA1EED5-9F8F-4445-A097-89E56A28F60A}"
EndProject
Project("{FAE04EC0-301F-11D3-BF4B-00C04F79EFBC}") = "CompActivatableEffect", "..\..\..\..\..\..\..\..\..\..\Users\User\Desktop\OgsTools\CompActivatableEffect\CompActivatableEffect.csproj", "{EC1AEA45-45FE-4A6A-A835-81B289E03BC9}"
	ProjectSection(ProjectDependencies) = postProject
		{08E20D0E-4493-4DFE-9212-DEC323F26E89} = {08E20D0E-4493-4DFE-9212-DEC323F26E89}
	EndProjectSection
EndProject
Project("{FAE04EC0-301F-11D3-BF4B-00C04F79EFBC}") = "CompOversizedWeapon", "..\..\..\..\..\..\..\..\..\..\Users\User\Desktop\OgsTools\CompOversizedWeapon\CompOversizedWeapon.csproj", "{08E20D0E-4493-4DFE-9212-DEC323F26E89}"
EndProject
Project("{FAE04EC0-301F-11D3-BF4B-00C04F79EFBC}") = "HiveExtension", "..\..\..\..\..\..\..\..\..\..\Users\User\Desktop\OgsTools\FactionHives\HiveExtension.csproj", "{FC10BCFE-3722-4A62-A9FE-FC56AA3C5162}"
	ProjectSection(ProjectDependencies) = postProject
		{94396E79-3450-4842-A51C-2B52EF217C72} = {94396E79-3450-4842-A51C-2B52EF217C72}
	EndProjectSection
EndProject
Project("{FAE04EC0-301F-11D3-BF4B-00C04F79EFBC}") = "CrashedShipsExtension", "..\..\..\..\..\..\..\..\..\..\Users\User\Desktop\OgsTools\ExpandedCrashedShips\CrashedShipsExtension.csproj", "{94396E79-3450-4842-A51C-2B52EF217C72}"
EndProject
Project("{FAE04EC0-301F-11D3-BF4B-00C04F79EFBC}") = "AdeptusMechanicusXenoNecrons", "..\..\..\..\AdMech-Xeno-AHR-Necron\Source\AdeptusMechanicusNecrons\AdeptusMechanicusXenoNecrons.csproj", "{BC02BF44-F246-46E6-B7C3-1DD31CF44CC7}"
EndProject
Project("{FAE04EC0-301F-11D3-BF4B-00C04F79EFBC}") = "CompTurret", "..\..\..\..\..\..\..\..\..\..\Users\User\Desktop\OgsTools\CompTurret\CompTurret.csproj", "{1FDB8869-FB6D-469D-9BF7-12671B1A3F87}"
EndProject
Project("{FAE04EC0-301F-11D3-BF4B-00C04F79EFBC}") = "AdeptusMechanicusArmouryCE", "..\..\..\CESpecific\Source\AdeptusMechanicusCE\AdeptusMechanicusArmouryCE.csproj", "{A1393DBB-17D6-4386-8365-4D9CD919318A}"
	ProjectSection(ProjectDependencies) = postProject
		{2AC73323-B4F2-4592-B3EA-53AC4F8D73A7} = {2AC73323-B4F2-4592-B3EA-53AC4F8D73A7}
	EndProjectSection
EndProject
Project("{FAE04EC0-301F-11D3-BF4B-00C04F79EFBC}") = "AdvancedGraphics", "..\..\..\..\..\..\..\..\..\..\Users\User\Desktop\OgsTools\AdvancedGraphics\AdvancedGraphics.csproj", "{6F66FD2A-833A-426B-8389-4B3548A9C47A}"
EndProject
Project("{FAE04EC0-301F-11D3-BF4B-00C04F79EFBC}") = "CompSlotLoadable", "..\..\..\..\..\..\..\..\..\..\Users\User\Desktop\OgsTools\CompSlotLoadable\CompSlotLoadable.csproj", "{6EC26D07-B5A0-4075-8919-3B05AF74CE87}"
EndProject
Project("{FAE04EC0-301F-11D3-BF4B-00C04F79EFBC}") = "AbilitiesExtended", "..\..\..\..\..\..\..\..\..\..\Users\User\Desktop\OgsTools\AbilitiesExtended\AbilitiesExtended.csproj", "{79BE6C49-4BA3-4562-8447-7EA3BBB53F2D}"
EndProject
Project("{FAE04EC0-301F-11D3-BF4B-00C04F79EFBC}") = "AdeptusMechanicusArmouryAlienTweaks", "..\..\..\AlienRaces\Source\AdeptusMechanicusArmouryAlienTweaks\AdeptusMechanicusArmouryAlienTweaks.csproj", "{D6E805C9-9234-4685-A448-C6FC2F8FE178}"
EndProject
Project("{FAE04EC0-301F-11D3-BF4B-00C04F79EFBC}") = "AdeptusMechanicusXenoDarkEldar", "..\..\..\..\AdMech-Xeno-AHR-DarkEldar\Source\AdeptusMechanicusXenoDarkEldar\AdeptusMechanicusXenoDarkEldar.csproj", "{833983D7-2DD9-4826-95CA-B3F9E7F7837E}"
	ProjectSection(ProjectDependencies) = postProject
		{2AC73323-B4F2-4592-B3EA-53AC4F8D73A7} = {2AC73323-B4F2-4592-B3EA-53AC4F8D73A7}
		{A1393DBB-17D6-4386-8365-4D9CD919318A} = {A1393DBB-17D6-4386-8365-4D9CD919318A}
		{D6E805C9-9234-4685-A448-C6FC2F8FE178} = {D6E805C9-9234-4685-A448-C6FC2F8FE178}
	EndProjectSection
EndProject
Project("{FAE04EC0-301F-11D3-BF4B-00C04F79EFBC}") = "OgsLasers", "..\..\..\..\..\..\..\..\..\..\Users\User\Desktop\OgsTools\OgsLasers\OgsLasers.csproj", "{E5E3328F-5E90-4A6E-ADBC-311F5E8A3C74}"
EndProject
Global
	GlobalSection(SolutionConfigurationPlatforms) = preSolution
		Debug|Any CPU = Debug|Any CPU
		Debug|x86 = Debug|x86
		Release|Any CPU = Release|Any CPU
		Release|x86 = Release|x86
	EndGlobalSection
	GlobalSection(ProjectConfigurationPlatforms) = postSolution
		{2AC73323-B4F2-4592-B3EA-53AC4F8D73A7}.Debug|Any CPU.ActiveCfg = Debug|Any CPU
		{2AC73323-B4F2-4592-B3EA-53AC4F8D73A7}.Debug|Any CPU.Build.0 = Debug|Any CPU
		{2AC73323-B4F2-4592-B3EA-53AC4F8D73A7}.Debug|x86.ActiveCfg = Debug|Any CPU
		{2AC73323-B4F2-4592-B3EA-53AC4F8D73A7}.Debug|x86.Build.0 = Debug|Any CPU
		{2AC73323-B4F2-4592-B3EA-53AC4F8D73A7}.Release|Any CPU.ActiveCfg = Release|Any CPU
		{2AC73323-B4F2-4592-B3EA-53AC4F8D73A7}.Release|Any CPU.Build.0 = Release|Any CPU
		{2AC73323-B4F2-4592-B3EA-53AC4F8D73A7}.Release|x86.ActiveCfg = Release|Any CPU
		{2AC73323-B4F2-4592-B3EA-53AC4F8D73A7}.Release|x86.Build.0 = Release|Any CPU
		{25320202-14A6-42ED-AA6A-602006FD55B9}.Debug|Any CPU.ActiveCfg = Debug|Any CPU
		{25320202-14A6-42ED-AA6A-602006FD55B9}.Debug|Any CPU.Build.0 = Debug|Any CPU
		{25320202-14A6-42ED-AA6A-602006FD55B9}.Debug|x86.ActiveCfg = Debug|Any CPU
		{25320202-14A6-42ED-AA6A-602006FD55B9}.Debug|x86.Build.0 = Debug|Any CPU
		{25320202-14A6-42ED-AA6A-602006FD55B9}.Release|Any CPU.ActiveCfg = Release|Any CPU
		{25320202-14A6-42ED-AA6A-602006FD55B9}.Release|Any CPU.Build.0 = Release|Any CPU
		{25320202-14A6-42ED-AA6A-602006FD55B9}.Release|x86.ActiveCfg = Release|Any CPU
		{25320202-14A6-42ED-AA6A-602006FD55B9}.Release|x86.Build.0 = Release|Any CPU
		{45E04480-9212-4B79-AB96-555022037B16}.Debug|Any CPU.ActiveCfg = Debug|Any CPU
		{45E04480-9212-4B79-AB96-555022037B16}.Debug|Any CPU.Build.0 = Debug|Any CPU
		{45E04480-9212-4B79-AB96-555022037B16}.Debug|x86.ActiveCfg = Debug|Any CPU
		{45E04480-9212-4B79-AB96-555022037B16}.Debug|x86.Build.0 = Debug|Any CPU
		{45E04480-9212-4B79-AB96-555022037B16}.Release|Any CPU.ActiveCfg = Release|Any CPU
		{45E04480-9212-4B79-AB96-555022037B16}.Release|Any CPU.Build.0 = Release|Any CPU
		{45E04480-9212-4B79-AB96-555022037B16}.Release|x86.ActiveCfg = Release|Any CPU
		{45E04480-9212-4B79-AB96-555022037B16}.Release|x86.Build.0 = Release|Any CPU
		{F973FA7C-1F5D-4312-8E66-5E5ACCFE8AE2}.Debug|Any CPU.ActiveCfg = Debug|Any CPU
		{F973FA7C-1F5D-4312-8E66-5E5ACCFE8AE2}.Debug|Any CPU.Build.0 = Debug|Any CPU
		{F973FA7C-1F5D-4312-8E66-5E5ACCFE8AE2}.Debug|x86.ActiveCfg = Debug|Any CPU
		{F973FA7C-1F5D-4312-8E66-5E5ACCFE8AE2}.Debug|x86.Build.0 = Debug|Any CPU
		{F973FA7C-1F5D-4312-8E66-5E5ACCFE8AE2}.Release|Any CPU.ActiveCfg = Release|Any CPU
		{F973FA7C-1F5D-4312-8E66-5E5ACCFE8AE2}.Release|Any CPU.Build.0 = Release|Any CPU
		{F973FA7C-1F5D-4312-8E66-5E5ACCFE8AE2}.Release|x86.ActiveCfg = Release|Any CPU
		{F973FA7C-1F5D-4312-8E66-5E5ACCFE8AE2}.Release|x86.Build.0 = Release|Any CPU
		{55818146-B3D3-48F1-B576-66223589FA07}.Debug|Any CPU.ActiveCfg = Debug|Any CPU
		{55818146-B3D3-48F1-B576-66223589FA07}.Debug|Any CPU.Build.0 = Debug|Any CPU
		{55818146-B3D3-48F1-B576-66223589FA07}.Debug|x86.ActiveCfg = Debug|Any CPU
		{55818146-B3D3-48F1-B576-66223589FA07}.Debug|x86.Build.0 = Debug|Any CPU
		{55818146-B3D3-48F1-B576-66223589FA07}.Release|Any CPU.ActiveCfg = Release|Any CPU
		{55818146-B3D3-48F1-B576-66223589FA07}.Release|Any CPU.Build.0 = Release|Any CPU
		{55818146-B3D3-48F1-B576-66223589FA07}.Release|x86.ActiveCfg = Release|Any CPU
		{55818146-B3D3-48F1-B576-66223589FA07}.Release|x86.Build.0 = Release|Any CPU
		{7A58227B-ECDF-4BA0-A688-1A7A9FA1EF2C}.Debug|Any CPU.ActiveCfg = Debug|Any CPU
		{7A58227B-ECDF-4BA0-A688-1A7A9FA1EF2C}.Debug|Any CPU.Build.0 = Debug|Any CPU
		{7A58227B-ECDF-4BA0-A688-1A7A9FA1EF2C}.Debug|x86.ActiveCfg = Debug|Any CPU
		{7A58227B-ECDF-4BA0-A688-1A7A9FA1EF2C}.Debug|x86.Build.0 = Debug|Any CPU
		{7A58227B-ECDF-4BA0-A688-1A7A9FA1EF2C}.Release|Any CPU.ActiveCfg = Release|Any CPU
		{7A58227B-ECDF-4BA0-A688-1A7A9FA1EF2C}.Release|Any CPU.Build.0 = Release|Any CPU
		{7A58227B-ECDF-4BA0-A688-1A7A9FA1EF2C}.Release|x86.ActiveCfg = Release|Any CPU
		{7A58227B-ECDF-4BA0-A688-1A7A9FA1EF2C}.Release|x86.Build.0 = Release|Any CPU
		{AC2AFFD2-5220-4CFB-83AE-B6A6ED9048BD}.Debug|Any CPU.ActiveCfg = Debug|Any CPU
		{AC2AFFD2-5220-4CFB-83AE-B6A6ED9048BD}.Debug|Any CPU.Build.0 = Debug|Any CPU
		{AC2AFFD2-5220-4CFB-83AE-B6A6ED9048BD}.Debug|x86.ActiveCfg = Debug|Any CPU
		{AC2AFFD2-5220-4CFB-83AE-B6A6ED9048BD}.Debug|x86.Build.0 = Debug|Any CPU
		{AC2AFFD2-5220-4CFB-83AE-B6A6ED9048BD}.Release|Any CPU.ActiveCfg = Release|Any CPU
		{AC2AFFD2-5220-4CFB-83AE-B6A6ED9048BD}.Release|Any CPU.Build.0 = Release|Any CPU
		{AC2AFFD2-5220-4CFB-83AE-B6A6ED9048BD}.Release|x86.ActiveCfg = Release|Any CPU
		{AC2AFFD2-5220-4CFB-83AE-B6A6ED9048BD}.Release|x86.Build.0 = Release|Any CPU
		{0FA1EED5-9F8F-4445-A097-89E56A28F60A}.Debug|Any CPU.ActiveCfg = Debug|Any CPU
		{0FA1EED5-9F8F-4445-A097-89E56A28F60A}.Debug|Any CPU.Build.0 = Debug|Any CPU
		{0FA1EED5-9F8F-4445-A097-89E56A28F60A}.Debug|x86.ActiveCfg = Debug|Any CPU
		{0FA1EED5-9F8F-4445-A097-89E56A28F60A}.Debug|x86.Build.0 = Debug|Any CPU
		{0FA1EED5-9F8F-4445-A097-89E56A28F60A}.Release|Any CPU.ActiveCfg = Release|Any CPU
		{0FA1EED5-9F8F-4445-A097-89E56A28F60A}.Release|Any CPU.Build.0 = Release|Any CPU
		{0FA1EED5-9F8F-4445-A097-89E56A28F60A}.Release|x86.ActiveCfg = Release|Any CPU
		{0FA1EED5-9F8F-4445-A097-89E56A28F60A}.Release|x86.Build.0 = Release|Any CPU
		{EC1AEA45-45FE-4A6A-A835-81B289E03BC9}.Debug|Any CPU.ActiveCfg = Debug|Any CPU
		{EC1AEA45-45FE-4A6A-A835-81B289E03BC9}.Debug|Any CPU.Build.0 = Debug|Any CPU
		{EC1AEA45-45FE-4A6A-A835-81B289E03BC9}.Debug|x86.ActiveCfg = Debug|Any CPU
		{EC1AEA45-45FE-4A6A-A835-81B289E03BC9}.Debug|x86.Build.0 = Debug|Any CPU
		{EC1AEA45-45FE-4A6A-A835-81B289E03BC9}.Release|Any CPU.ActiveCfg = Release|Any CPU
		{EC1AEA45-45FE-4A6A-A835-81B289E03BC9}.Release|Any CPU.Build.0 = Release|Any CPU
		{EC1AEA45-45FE-4A6A-A835-81B289E03BC9}.Release|x86.ActiveCfg = Release|Any CPU
		{EC1AEA45-45FE-4A6A-A835-81B289E03BC9}.Release|x86.Build.0 = Release|Any CPU
		{08E20D0E-4493-4DFE-9212-DEC323F26E89}.Debug|Any CPU.ActiveCfg = Debug|Any CPU
		{08E20D0E-4493-4DFE-9212-DEC323F26E89}.Debug|Any CPU.Build.0 = Debug|Any CPU
		{08E20D0E-4493-4DFE-9212-DEC323F26E89}.Debug|x86.ActiveCfg = Debug|Any CPU
		{08E20D0E-4493-4DFE-9212-DEC323F26E89}.Debug|x86.Build.0 = Debug|Any CPU
		{08E20D0E-4493-4DFE-9212-DEC323F26E89}.Release|Any CPU.ActiveCfg = Release|Any CPU
		{08E20D0E-4493-4DFE-9212-DEC323F26E89}.Release|Any CPU.Build.0 = Release|Any CPU
		{08E20D0E-4493-4DFE-9212-DEC323F26E89}.Release|x86.ActiveCfg = Release|Any CPU
		{08E20D0E-4493-4DFE-9212-DEC323F26E89}.Release|x86.Build.0 = Release|Any CPU
		{FC10BCFE-3722-4A62-A9FE-FC56AA3C5162}.Debug|Any CPU.ActiveCfg = Debug|Any CPU
		{FC10BCFE-3722-4A62-A9FE-FC56AA3C5162}.Debug|Any CPU.Build.0 = Debug|Any CPU
		{FC10BCFE-3722-4A62-A9FE-FC56AA3C5162}.Debug|x86.ActiveCfg = Debug|Any CPU
		{FC10BCFE-3722-4A62-A9FE-FC56AA3C5162}.Debug|x86.Build.0 = Debug|Any CPU
		{FC10BCFE-3722-4A62-A9FE-FC56AA3C5162}.Release|Any CPU.ActiveCfg = Release|Any CPU
		{FC10BCFE-3722-4A62-A9FE-FC56AA3C5162}.Release|Any CPU.Build.0 = Release|Any CPU
		{FC10BCFE-3722-4A62-A9FE-FC56AA3C5162}.Release|x86.ActiveCfg = Release|Any CPU
		{FC10BCFE-3722-4A62-A9FE-FC56AA3C5162}.Release|x86.Build.0 = Release|Any CPU
		{94396E79-3450-4842-A51C-2B52EF217C72}.Debug|Any CPU.ActiveCfg = Debug|Any CPU
		{94396E79-3450-4842-A51C-2B52EF217C72}.Debug|Any CPU.Build.0 = Debug|Any CPU
		{94396E79-3450-4842-A51C-2B52EF217C72}.Debug|x86.ActiveCfg = Debug|Any CPU
		{94396E79-3450-4842-A51C-2B52EF217C72}.Debug|x86.Build.0 = Debug|Any CPU
		{94396E79-3450-4842-A51C-2B52EF217C72}.Release|Any CPU.ActiveCfg = Release|Any CPU
		{94396E79-3450-4842-A51C-2B52EF217C72}.Release|Any CPU.Build.0 = Release|Any CPU
		{94396E79-3450-4842-A51C-2B52EF217C72}.Release|x86.ActiveCfg = Release|Any CPU
		{94396E79-3450-4842-A51C-2B52EF217C72}.Release|x86.Build.0 = Release|Any CPU
		{BC02BF44-F246-46E6-B7C3-1DD31CF44CC7}.Debug|Any CPU.ActiveCfg = Debug|Any CPU
		{BC02BF44-F246-46E6-B7C3-1DD31CF44CC7}.Debug|Any CPU.Build.0 = Debug|Any CPU
		{BC02BF44-F246-46E6-B7C3-1DD31CF44CC7}.Debug|x86.ActiveCfg = Debug|Any CPU
		{BC02BF44-F246-46E6-B7C3-1DD31CF44CC7}.Debug|x86.Build.0 = Debug|Any CPU
		{BC02BF44-F246-46E6-B7C3-1DD31CF44CC7}.Release|Any CPU.ActiveCfg = Release|Any CPU
		{BC02BF44-F246-46E6-B7C3-1DD31CF44CC7}.Release|Any CPU.Build.0 = Release|Any CPU
		{BC02BF44-F246-46E6-B7C3-1DD31CF44CC7}.Release|x86.ActiveCfg = Release|Any CPU
		{BC02BF44-F246-46E6-B7C3-1DD31CF44CC7}.Release|x86.Build.0 = Release|Any CPU
		{1FDB8869-FB6D-469D-9BF7-12671B1A3F87}.Debug|Any CPU.ActiveCfg = Debug|Any CPU
		{1FDB8869-FB6D-469D-9BF7-12671B1A3F87}.Debug|Any CPU.Build.0 = Debug|Any CPU
		{1FDB8869-FB6D-469D-9BF7-12671B1A3F87}.Debug|x86.ActiveCfg = Debug|Any CPU
		{1FDB8869-FB6D-469D-9BF7-12671B1A3F87}.Debug|x86.Build.0 = Debug|Any CPU
		{1FDB8869-FB6D-469D-9BF7-12671B1A3F87}.Release|Any CPU.ActiveCfg = Release|Any CPU
		{1FDB8869-FB6D-469D-9BF7-12671B1A3F87}.Release|Any CPU.Build.0 = Release|Any CPU
		{1FDB8869-FB6D-469D-9BF7-12671B1A3F87}.Release|x86.ActiveCfg = Release|Any CPU
		{1FDB8869-FB6D-469D-9BF7-12671B1A3F87}.Release|x86.Build.0 = Release|Any CPU
		{A1393DBB-17D6-4386-8365-4D9CD919318A}.Debug|Any CPU.ActiveCfg = Debug|Any CPU
		{A1393DBB-17D6-4386-8365-4D9CD919318A}.Debug|Any CPU.Build.0 = Debug|Any CPU
		{A1393DBB-17D6-4386-8365-4D9CD919318A}.Debug|x86.ActiveCfg = Debug|Any CPU
		{A1393DBB-17D6-4386-8365-4D9CD919318A}.Debug|x86.Build.0 = Debug|Any CPU
		{A1393DBB-17D6-4386-8365-4D9CD919318A}.Release|Any CPU.ActiveCfg = Release|Any CPU
		{A1393DBB-17D6-4386-8365-4D9CD919318A}.Release|Any CPU.Build.0 = Release|Any CPU
		{A1393DBB-17D6-4386-8365-4D9CD919318A}.Release|x86.ActiveCfg = Release|Any CPU
		{A1393DBB-17D6-4386-8365-4D9CD919318A}.Release|x86.Build.0 = Release|Any CPU
		{6F66FD2A-833A-426B-8389-4B3548A9C47A}.Debug|Any CPU.ActiveCfg = Debug|Any CPU
		{6F66FD2A-833A-426B-8389-4B3548A9C47A}.Debug|Any CPU.Build.0 = Debug|Any CPU
		{6F66FD2A-833A-426B-8389-4B3548A9C47A}.Debug|x86.ActiveCfg = Debug|Any CPU
		{6F66FD2A-833A-426B-8389-4B3548A9C47A}.Debug|x86.Build.0 = Debug|Any CPU
		{6F66FD2A-833A-426B-8389-4B3548A9C47A}.Release|Any CPU.ActiveCfg = Release|Any CPU
		{6F66FD2A-833A-426B-8389-4B3548A9C47A}.Release|Any CPU.Build.0 = Release|Any CPU
		{6F66FD2A-833A-426B-8389-4B3548A9C47A}.Release|x86.ActiveCfg = Release|Any CPU
		{6F66FD2A-833A-426B-8389-4B3548A9C47A}.Release|x86.Build.0 = Release|Any CPU
		{6EC26D07-B5A0-4075-8919-3B05AF74CE87}.Debug|Any CPU.ActiveCfg = Debug|Any CPU
		{6EC26D07-B5A0-4075-8919-3B05AF74CE87}.Debug|Any CPU.Build.0 = Debug|Any CPU
		{6EC26D07-B5A0-4075-8919-3B05AF74CE87}.Debug|x86.ActiveCfg = Debug|Any CPU
		{6EC26D07-B5A0-4075-8919-3B05AF74CE87}.Debug|x86.Build.0 = Debug|Any CPU
		{6EC26D07-B5A0-4075-8919-3B05AF74CE87}.Release|Any CPU.ActiveCfg = Release|Any CPU
		{6EC26D07-B5A0-4075-8919-3B05AF74CE87}.Release|Any CPU.Build.0 = Release|Any CPU
		{6EC26D07-B5A0-4075-8919-3B05AF74CE87}.Release|x86.ActiveCfg = Release|Any CPU
		{6EC26D07-B5A0-4075-8919-3B05AF74CE87}.Release|x86.Build.0 = Release|Any CPU
		{79BE6C49-4BA3-4562-8447-7EA3BBB53F2D}.Debug|Any CPU.ActiveCfg = Debug|Any CPU
		{79BE6C49-4BA3-4562-8447-7EA3BBB53F2D}.Debug|Any CPU.Build.0 = Debug|Any CPU
		{79BE6C49-4BA3-4562-8447-7EA3BBB53F2D}.Debug|x86.ActiveCfg = Debug|Any CPU
		{79BE6C49-4BA3-4562-8447-7EA3BBB53F2D}.Debug|x86.Build.0 = Debug|Any CPU
		{79BE6C49-4BA3-4562-8447-7EA3BBB53F2D}.Release|Any CPU.ActiveCfg = Release|Any CPU
		{79BE6C49-4BA3-4562-8447-7EA3BBB53F2D}.Release|Any CPU.Build.0 = Release|Any CPU
		{79BE6C49-4BA3-4562-8447-7EA3BBB53F2D}.Release|x86.ActiveCfg = Release|Any CPU
		{79BE6C49-4BA3-4562-8447-7EA3BBB53F2D}.Release|x86.Build.0 = Release|Any CPU
		{D6E805C9-9234-4685-A448-C6FC2F8FE178}.Debug|Any CPU.ActiveCfg = Debug|Any CPU
		{D6E805C9-9234-4685-A448-C6FC2F8FE178}.Debug|Any CPU.Build.0 = Debug|Any CPU
		{D6E805C9-9234-4685-A448-C6FC2F8FE178}.Debug|x86.ActiveCfg = Debug|Any CPU
		{D6E805C9-9234-4685-A448-C6FC2F8FE178}.Debug|x86.Build.0 = Debug|Any CPU
		{D6E805C9-9234-4685-A448-C6FC2F8FE178}.Release|Any CPU.ActiveCfg = Release|Any CPU
		{D6E805C9-9234-4685-A448-C6FC2F8FE178}.Release|Any CPU.Build.0 = Release|Any CPU
		{D6E805C9-9234-4685-A448-C6FC2F8FE178}.Release|x86.ActiveCfg = Release|Any CPU
		{D6E805C9-9234-4685-A448-C6FC2F8FE178}.Release|x86.Build.0 = Release|Any CPU
		{833983D7-2DD9-4826-95CA-B3F9E7F7837E}.Debug|Any CPU.ActiveCfg = Debug|Any CPU
		{833983D7-2DD9-4826-95CA-B3F9E7F7837E}.Debug|Any CPU.Build.0 = Debug|Any CPU
		{833983D7-2DD9-4826-95CA-B3F9E7F7837E}.Debug|x86.ActiveCfg = Debug|Any CPU
		{833983D7-2DD9-4826-95CA-B3F9E7F7837E}.Debug|x86.Build.0 = Debug|Any CPU
		{833983D7-2DD9-4826-95CA-B3F9E7F7837E}.Release|Any CPU.ActiveCfg = Release|Any CPU
		{833983D7-2DD9-4826-95CA-B3F9E7F7837E}.Release|Any CPU.Build.0 = Release|Any CPU
		{833983D7-2DD9-4826-95CA-B3F9E7F7837E}.Release|x86.ActiveCfg = Release|Any CPU
		{833983D7-2DD9-4826-95CA-B3F9E7F7837E}.Release|x86.Build.0 = Release|Any CPU
		{E5E3328F-5E90-4A6E-ADBC-311F5E8A3C74}.Debug|Any CPU.ActiveCfg = Debug|Any CPU
		{E5E3328F-5E90-4A6E-ADBC-311F5E8A3C74}.Debug|Any CPU.Build.0 = Debug|Any CPU
		{E5E3328F-5E90-4A6E-ADBC-311F5E8A3C74}.Debug|x86.ActiveCfg = Debug|Any CPU
		{E5E3328F-5E90-4A6E-ADBC-311F5E8A3C74}.Debug|x86.Build.0 = Debug|Any CPU
		{E5E3328F-5E90-4A6E-ADBC-311F5E8A3C74}.Release|Any CPU.ActiveCfg = Release|Any CPU
		{E5E3328F-5E90-4A6E-ADBC-311F5E8A3C74}.Release|Any CPU.Build.0 = Release|Any CPU
		{E5E3328F-5E90-4A6E-ADBC-311F5E8A3C74}.Release|x86.ActiveCfg = Release|Any CPU
		{E5E3328F-5E90-4A6E-ADBC-311F5E8A3C74}.Release|x86.Build.0 = Release|Any CPU
	EndGlobalSection
	GlobalSection(SolutionProperties) = preSolution
		HideSolutionNode = FALSE
	EndGlobalSection
	GlobalSection(ExtensibilityGlobals) = postSolution
		SolutionGuid = {2617721A-AFDD-4B93-9283-933A79B1A9EC}
	EndGlobalSection
EndGlobal
