
Microsoft Visual Studio Solution File, Format Version 12.00
# Visual Studio Version 16
VisualStudioVersion = 16.0.29905.134
MinimumVisualStudioVersion = 10.0.40219.1
Project("{FAE04EC0-301F-11D3-BF4B-00C04F79EFBC}") = "AdeptusMechanicusMain", "AdeptusMechanicusMain.csproj", "{2AC73323-B4F2-4592-B3EA-53AC4F8D73A7}"
EndProject
Project("{FAE04EC0-301F-11D3-BF4B-00C04F79EFBC}") = "AdeptusMechanicusXenobiologis", "..\..\..\AdMechXeno\Source\AdeptusMechanicusXenobiologis\AdeptusMechanicusXenobiologis\AdeptusMechanicusXenobiologis.csproj", "{25320202-14A6-42ED-AA6A-602006FD55B9}"
EndProject
Project("{FAE04EC0-301F-11D3-BF4B-00C04F79EFBC}") = "AdeptusMechanicusXenoEldar", "..\..\..\AdMech-Xeno-AHR-Eldar\Source\AdeptusMechanicusXenoEldar\AdeptusMechanicusXenoEldar.csproj", "{45E04480-9212-4B79-AB96-555022037B16}"
EndProject
Project("{FAE04EC0-301F-11D3-BF4B-00C04F79EFBC}") = "AdeptusMechanicusXenoOrkz", "..\..\..\AdMech-Xeno-AHR-Orkz\Source\AdeptusMechanicusXenoOrkz\AdeptusMechanicusXenoOrkz.csproj", "{F973FA7C-1F5D-4312-8E66-5E5ACCFE8AE2}"
EndProject
Project("{FAE04EC0-301F-11D3-BF4B-00C04F79EFBC}") = "AdeptusMechanicusXenoKroot", "..\..\..\AdMech-Xeno-AHR-Tau\Source\AdeptusMechanicusXenoKroot\AdeptusMechanicusXenoKroot.csproj", "{55818146-B3D3-48F1-B576-66223589FA07}"
EndProject
Project("{FAE04EC0-301F-11D3-BF4B-00C04F79EFBC}") = "AdeptusMechanicusXenoTau", "..\..\..\AdMech-Xeno-AHR-Tau\Source\AdeptusMechanicusXenoTau\AdeptusMechanicusXenoTau.csproj", "{7A58227B-ECDF-4BA0-A688-1A7A9FA1EF2C}"
EndProject
Project("{FAE04EC0-301F-11D3-BF4B-00C04F79EFBC}") = "AdeptusMechanicusXenoVespid", "..\..\..\AdMech-Xeno-AHR-Tau\Source\AdeptusMechanicusXenoVespid\AdeptusMechanicusXenoVespid.csproj", "{AC2AFFD2-5220-4CFB-83AE-B6A6ED9048BD}"
EndProject
Global
	GlobalSection(SolutionConfigurationPlatforms) = preSolution
		Debug|Any CPU = Debug|Any CPU
		Debug|x86 = Debug|x86
		Release|Any CPU = Release|Any CPU
		Release|x86 = Release|x86
	EndGlobalSection
	GlobalSection(ProjectConfigurationPlatforms) = postSolution
		{2AC73323-B4F2-4592-B3EA-53AC4F8D73A7}.Debug|Any CPU.ActiveCfg = Debug|Any CPU
		{2AC73323-B4F2-4592-B3EA-53AC4F8D73A7}.Debug|Any CPU.Build.0 = Debug|Any CPU
		{2AC73323-B4F2-4592-B3EA-53AC4F8D73A7}.Debug|x86.ActiveCfg = Debug|Any CPU
		{2AC73323-B4F2-4592-B3EA-53AC4F8D73A7}.Debug|x86.Build.0 = Debug|Any CPU
		{2AC73323-B4F2-4592-B3EA-53AC4F8D73A7}.Release|Any CPU.ActiveCfg = Release|Any CPU
		{2AC73323-B4F2-4592-B3EA-53AC4F8D73A7}.Release|Any CPU.Build.0 = Release|Any CPU
		{2AC73323-B4F2-4592-B3EA-53AC4F8D73A7}.Release|x86.ActiveCfg = Release|Any CPU
		{2AC73323-B4F2-4592-B3EA-53AC4F8D73A7}.Release|x86.Build.0 = Release|Any CPU
		{25320202-14A6-42ED-AA6A-602006FD55B9}.Debug|Any CPU.ActiveCfg = Debug|Any CPU
		{25320202-14A6-42ED-AA6A-602006FD55B9}.Debug|Any CPU.Build.0 = Debug|Any CPU
		{25320202-14A6-42ED-AA6A-602006FD55B9}.Debug|x86.ActiveCfg = Debug|Any CPU
		{25320202-14A6-42ED-AA6A-602006FD55B9}.Debug|x86.Build.0 = Debug|Any CPU
		{25320202-14A6-42ED-AA6A-602006FD55B9}.Release|Any CPU.ActiveCfg = Release|Any CPU
		{25320202-14A6-42ED-AA6A-602006FD55B9}.Release|Any CPU.Build.0 = Release|Any CPU
		{25320202-14A6-42ED-AA6A-602006FD55B9}.Release|x86.ActiveCfg = Release|Any CPU
		{25320202-14A6-42ED-AA6A-602006FD55B9}.Release|x86.Build.0 = Release|Any CPU
		{45E04480-9212-4B79-AB96-555022037B16}.Debug|Any CPU.ActiveCfg = Debug|Any CPU
		{45E04480-9212-4B79-AB96-555022037B16}.Debug|Any CPU.Build.0 = Debug|Any CPU
		{45E04480-9212-4B79-AB96-555022037B16}.Debug|x86.ActiveCfg = Debug|Any CPU
		{45E04480-9212-4B79-AB96-555022037B16}.Debug|x86.Build.0 = Debug|Any CPU
		{45E04480-9212-4B79-AB96-555022037B16}.Release|Any CPU.ActiveCfg = Release|Any CPU
		{45E04480-9212-4B79-AB96-555022037B16}.Release|Any CPU.Build.0 = Release|Any CPU
		{45E04480-9212-4B79-AB96-555022037B16}.Release|x86.ActiveCfg = Release|Any CPU
		{45E04480-9212-4B79-AB96-555022037B16}.Release|x86.Build.0 = Release|Any CPU
		{F973FA7C-1F5D-4312-8E66-5E5ACCFE8AE2}.Debug|Any CPU.ActiveCfg = Debug|Any CPU
		{F973FA7C-1F5D-4312-8E66-5E5ACCFE8AE2}.Debug|Any CPU.Build.0 = Debug|Any CPU
		{F973FA7C-1F5D-4312-8E66-5E5ACCFE8AE2}.Debug|x86.ActiveCfg = Debug|Any CPU
		{F973FA7C-1F5D-4312-8E66-5E5ACCFE8AE2}.Debug|x86.Build.0 = Debug|Any CPU
		{F973FA7C-1F5D-4312-8E66-5E5ACCFE8AE2}.Release|Any CPU.ActiveCfg = Release|Any CPU
		{F973FA7C-1F5D-4312-8E66-5E5ACCFE8AE2}.Release|Any CPU.Build.0 = Release|Any CPU
		{F973FA7C-1F5D-4312-8E66-5E5ACCFE8AE2}.Release|x86.ActiveCfg = Release|Any CPU
		{F973FA7C-1F5D-4312-8E66-5E5ACCFE8AE2}.Release|x86.Build.0 = Release|Any CPU
		{55818146-B3D3-48F1-B576-66223589FA07}.Debug|Any CPU.ActiveCfg = Debug|Any CPU
		{55818146-B3D3-48F1-B576-66223589FA07}.Debug|Any CPU.Build.0 = Debug|Any CPU
		{55818146-B3D3-48F1-B576-66223589FA07}.Debug|x86.ActiveCfg = Debug|Any CPU
		{55818146-B3D3-48F1-B576-66223589FA07}.Debug|x86.Build.0 = Debug|Any CPU
		{55818146-B3D3-48F1-B576-66223589FA07}.Release|Any CPU.ActiveCfg = Release|Any CPU
		{55818146-B3D3-48F1-B576-66223589FA07}.Release|Any CPU.Build.0 = Release|Any CPU
		{55818146-B3D3-48F1-B576-66223589FA07}.Release|x86.ActiveCfg = Release|Any CPU
		{55818146-B3D3-48F1-B576-66223589FA07}.Release|x86.Build.0 = Release|Any CPU
		{7A58227B-ECDF-4BA0-A688-1A7A9FA1EF2C}.Debug|Any CPU.ActiveCfg = Debug|Any CPU
		{7A58227B-ECDF-4BA0-A688-1A7A9FA1EF2C}.Debug|Any CPU.Build.0 = Debug|Any CPU
		{7A58227B-ECDF-4BA0-A688-1A7A9FA1EF2C}.Debug|x86.ActiveCfg = Debug|Any CPU
		{7A58227B-ECDF-4BA0-A688-1A7A9FA1EF2C}.Debug|x86.Build.0 = Debug|Any CPU
		{7A58227B-ECDF-4BA0-A688-1A7A9FA1EF2C}.Release|Any CPU.ActiveCfg = Release|Any CPU
		{7A58227B-ECDF-4BA0-A688-1A7A9FA1EF2C}.Release|Any CPU.Build.0 = Release|Any CPU
		{7A58227B-ECDF-4BA0-A688-1A7A9FA1EF2C}.Release|x86.ActiveCfg = Release|Any CPU
		{7A58227B-ECDF-4BA0-A688-1A7A9FA1EF2C}.Release|x86.Build.0 = Release|Any CPU
		{AC2AFFD2-5220-4CFB-83AE-B6A6ED9048BD}.Debug|Any CPU.ActiveCfg = Debug|Any CPU
		{AC2AFFD2-5220-4CFB-83AE-B6A6ED9048BD}.Debug|Any CPU.Build.0 = Debug|Any CPU
		{AC2AFFD2-5220-4CFB-83AE-B6A6ED9048BD}.Debug|x86.ActiveCfg = Debug|Any CPU
		{AC2AFFD2-5220-4CFB-83AE-B6A6ED9048BD}.Debug|x86.Build.0 = Debug|Any CPU
		{AC2AFFD2-5220-4CFB-83AE-B6A6ED9048BD}.Release|Any CPU.ActiveCfg = Release|Any CPU
		{AC2AFFD2-5220-4CFB-83AE-B6A6ED9048BD}.Release|Any CPU.Build.0 = Release|Any CPU
		{AC2AFFD2-5220-4CFB-83AE-B6A6ED9048BD}.Release|x86.ActiveCfg = Release|Any CPU
		{AC2AFFD2-5220-4CFB-83AE-B6A6ED9048BD}.Release|x86.Build.0 = Release|Any CPU
	EndGlobalSection
	GlobalSection(SolutionProperties) = preSolution
		HideSolutionNode = FALSE
	EndGlobalSection
	GlobalSection(ExtensibilityGlobals) = postSolution
		SolutionGuid = {2617721A-AFDD-4B93-9283-933A79B1A9EC}
	EndGlobalSection
EndGlobal
