
Microsoft Visual Studio Solution File, Format Version 12.00
# Visual Studio 15
VisualStudioVersion = 15.0.27130.2027
MinimumVisualStudioVersion = 10.0.40219.1
Project("{FAE04EC0-301F-11D3-BF4B-00C04F79EFBC}") = "AdeptusMechanicusMain", "AdeptusMechanicusMain.csproj", "{2AC73323-B4F2-4592-B3EA-53AC4F8D73A7}"
EndProject
Project("{FAE04EC0-301F-11D3-BF4B-00C04F79EFBC}") = "AdeptusMechanicusXenoEldar", "..\..\..\AdMech-Xeno-AHR-Eldar\Source\AdeptusMechanicusXenoEldar\AdeptusMechanicusXenoEldar.csproj", "{45E04480-9212-4B79-AB96-555022037B16}"
EndProject
Project("{FAE04EC0-301F-11D3-BF4B-00C04F79EFBC}") = "AdeptusMechanicusXenoOrkz", "..\..\..\AdMech-Xeno-AHR-Orkz\Source\AdeptusMechanicusXenoOrkz\AdeptusMechanicusXenoOrkz.csproj", "{F973FA7C-1F5D-4312-8E66-5E5ACCFE8AE2}"
EndProject
Project("{FAE04EC0-301F-11D3-BF4B-00C04F79EFBC}") = "AdeptusMechanicusXenoKroot", "..\..\..\AdMech-Xeno-AHR-Tau\Source\AdeptusMechanicusXenoKroot\AdeptusMechanicusXenoKroot.csproj", "{55818146-B3D3-48F1-B576-66223589FA07}"
EndProject
Project("{FAE04EC0-301F-11D3-BF4B-00C04F79EFBC}") = "AdeptusMechanicusXenoTau", "..\..\..\AdMech-Xeno-AHR-Tau\Source\AdeptusMechanicusXenoTau\AdeptusMechanicusXenoTau.csproj", "{7A58227B-ECDF-4BA0-A688-1A7A9FA1EF2C}"
EndProject
Project("{FAE04EC0-301F-11D3-BF4B-00C04F79EFBC}") = "AdeptusMechanicusXenoVespid", "..\..\..\AdMech-Xeno-AHR-Tau\Source\AdeptusMechanicusXenoVespid\AdeptusMechanicusXenoVespid.csproj", "{AC2AFFD2-5220-4CFB-83AE-B6A6ED9048BD}"
EndProject
Project("{FAE04EC0-301F-11D3-BF4B-00C04F79EFBC}") = "AdeptusMechanicusXenobiologis", "..\..\..\AdMechXeno\Source\AdeptusMechanicusXenobiologis\AdeptusMechanicusXenobiologis\AdeptusMechanicusXenobiologis.csproj", "{25320202-14A6-42ED-AA6A-602006FD55B9}"
EndProject
Project("{FAE04EC0-301F-11D3-BF4B-00C04F79EFBC}") = "AdeptusMechanicusAstartes", "..\..\..\AdMech-Astartes\Source\AdeptusMechanicusAstartes\AdeptusMechanicusAstartes.csproj", "{0FA1EED5-9F8F-4445-A097-89E56A28F60A}"
EndProject
Project("{FAE04EC0-301F-11D3-BF4B-00C04F79EFBC}") = "HoloEmitters", "HoloEmitters\HoloEmitters.csproj", "{33A49433-A3D7-43CC-8B7C-AA29BAD54B07}"
EndProject
Project("{FAE04EC0-301F-11D3-BF4B-00C04F79EFBC}") = "VanillaWeaponsExpandedLaser", "..\VanillaWeaponsExpandedLaser\VanillaWeaponsExpandedLaser.csproj", "{5FCAC459-E927-41FB-9B1C-44EF0ED3F188}"
EndProject
Project("{FAE04EC0-301F-11D3-BF4B-00C04F79EFBC}") = "AnimatedProjectile", "AnimatedProjectile\AnimatedProjectile.csproj", "{EB1E8DCF-27C4-4CE3-84D2-C2C42FECE84D}"
EndProject
Project("{FAE04EC0-301F-11D3-BF4B-00C04F79EFBC}") = "RRYautja", "..\..\..\Rebelrots-Yautja-Race\Source\RRYautja\RRYautja.csproj", "{98FCBC2D-8EA4-42E6-A745-D691C3576586}"
EndProject
Project("{FAE04EC0-301F-11D3-BF4B-00C04F79EFBC}") = "VanillaApparelExpandedBelts", "..\VanillaBeltsExpanded\VanillaApparelExpandedBelts.csproj", "{6253FCFB-1969-443D-B937-E2742D7043D7}"
EndProject
Global
	GlobalSection(SolutionConfigurationPlatforms) = preSolution
		Debug|Any CPU = Debug|Any CPU
		Debug|x86 = Debug|x86
		Release|Any CPU = Release|Any CPU
		Release|x86 = Release|x86
	EndGlobalSection
	GlobalSection(ProjectConfigurationPlatforms) = postSolution
		{2AC73323-B4F2-4592-B3EA-53AC4F8D73A7}.Debug|Any CPU.ActiveCfg = Debug|Any CPU
		{2AC73323-B4F2-4592-B3EA-53AC4F8D73A7}.Debug|Any CPU.Build.0 = Debug|Any CPU
		{2AC73323-B4F2-4592-B3EA-53AC4F8D73A7}.Debug|x86.ActiveCfg = Debug|Any CPU
		{2AC73323-B4F2-4592-B3EA-53AC4F8D73A7}.Debug|x86.Build.0 = Debug|Any CPU
		{2AC73323-B4F2-4592-B3EA-53AC4F8D73A7}.Release|Any CPU.ActiveCfg = Release|Any CPU
		{2AC73323-B4F2-4592-B3EA-53AC4F8D73A7}.Release|Any CPU.Build.0 = Release|Any CPU
		{2AC73323-B4F2-4592-B3EA-53AC4F8D73A7}.Release|x86.ActiveCfg = Release|Any CPU
		{2AC73323-B4F2-4592-B3EA-53AC4F8D73A7}.Release|x86.Build.0 = Release|Any CPU
		{45E04480-9212-4B79-AB96-555022037B16}.Debug|Any CPU.ActiveCfg = Debug|Any CPU
		{45E04480-9212-4B79-AB96-555022037B16}.Debug|Any CPU.Build.0 = Debug|Any CPU
		{45E04480-9212-4B79-AB96-555022037B16}.Debug|x86.ActiveCfg = Debug|Any CPU
		{45E04480-9212-4B79-AB96-555022037B16}.Debug|x86.Build.0 = Debug|Any CPU
		{45E04480-9212-4B79-AB96-555022037B16}.Release|Any CPU.ActiveCfg = Release|Any CPU
		{45E04480-9212-4B79-AB96-555022037B16}.Release|Any CPU.Build.0 = Release|Any CPU
		{45E04480-9212-4B79-AB96-555022037B16}.Release|x86.ActiveCfg = Release|Any CPU
		{45E04480-9212-4B79-AB96-555022037B16}.Release|x86.Build.0 = Release|Any CPU
		{F973FA7C-1F5D-4312-8E66-5E5ACCFE8AE2}.Debug|Any CPU.ActiveCfg = Debug|Any CPU
		{F973FA7C-1F5D-4312-8E66-5E5ACCFE8AE2}.Debug|Any CPU.Build.0 = Debug|Any CPU
		{F973FA7C-1F5D-4312-8E66-5E5ACCFE8AE2}.Debug|x86.ActiveCfg = Debug|Any CPU
		{F973FA7C-1F5D-4312-8E66-5E5ACCFE8AE2}.Debug|x86.Build.0 = Debug|Any CPU
		{F973FA7C-1F5D-4312-8E66-5E5ACCFE8AE2}.Release|Any CPU.ActiveCfg = Release|Any CPU
		{F973FA7C-1F5D-4312-8E66-5E5ACCFE8AE2}.Release|Any CPU.Build.0 = Release|Any CPU
		{F973FA7C-1F5D-4312-8E66-5E5ACCFE8AE2}.Release|x86.ActiveCfg = Release|Any CPU
		{F973FA7C-1F5D-4312-8E66-5E5ACCFE8AE2}.Release|x86.Build.0 = Release|Any CPU
		{55818146-B3D3-48F1-B576-66223589FA07}.Debug|Any CPU.ActiveCfg = Debug|Any CPU
		{55818146-B3D3-48F1-B576-66223589FA07}.Debug|Any CPU.Build.0 = Debug|Any CPU
		{55818146-B3D3-48F1-B576-66223589FA07}.Debug|x86.ActiveCfg = Debug|Any CPU
		{55818146-B3D3-48F1-B576-66223589FA07}.Debug|x86.Build.0 = Debug|Any CPU
		{55818146-B3D3-48F1-B576-66223589FA07}.Release|Any CPU.ActiveCfg = Release|Any CPU
		{55818146-B3D3-48F1-B576-66223589FA07}.Release|Any CPU.Build.0 = Release|Any CPU
		{55818146-B3D3-48F1-B576-66223589FA07}.Release|x86.ActiveCfg = Release|Any CPU
		{55818146-B3D3-48F1-B576-66223589FA07}.Release|x86.Build.0 = Release|Any CPU
		{7A58227B-ECDF-4BA0-A688-1A7A9FA1EF2C}.Debug|Any CPU.ActiveCfg = Debug|Any CPU
		{7A58227B-ECDF-4BA0-A688-1A7A9FA1EF2C}.Debug|Any CPU.Build.0 = Debug|Any CPU
		{7A58227B-ECDF-4BA0-A688-1A7A9FA1EF2C}.Debug|x86.ActiveCfg = Debug|Any CPU
		{7A58227B-ECDF-4BA0-A688-1A7A9FA1EF2C}.Debug|x86.Build.0 = Debug|Any CPU
		{7A58227B-ECDF-4BA0-A688-1A7A9FA1EF2C}.Release|Any CPU.ActiveCfg = Release|Any CPU
		{7A58227B-ECDF-4BA0-A688-1A7A9FA1EF2C}.Release|Any CPU.Build.0 = Release|Any CPU
		{7A58227B-ECDF-4BA0-A688-1A7A9FA1EF2C}.Release|x86.ActiveCfg = Release|Any CPU
		{7A58227B-ECDF-4BA0-A688-1A7A9FA1EF2C}.Release|x86.Build.0 = Release|Any CPU
		{AC2AFFD2-5220-4CFB-83AE-B6A6ED9048BD}.Debug|Any CPU.ActiveCfg = Debug|Any CPU
		{AC2AFFD2-5220-4CFB-83AE-B6A6ED9048BD}.Debug|Any CPU.Build.0 = Debug|Any CPU
		{AC2AFFD2-5220-4CFB-83AE-B6A6ED9048BD}.Debug|x86.ActiveCfg = Debug|Any CPU
		{AC2AFFD2-5220-4CFB-83AE-B6A6ED9048BD}.Debug|x86.Build.0 = Debug|Any CPU
		{AC2AFFD2-5220-4CFB-83AE-B6A6ED9048BD}.Release|Any CPU.ActiveCfg = Release|Any CPU
		{AC2AFFD2-5220-4CFB-83AE-B6A6ED9048BD}.Release|Any CPU.Build.0 = Release|Any CPU
		{AC2AFFD2-5220-4CFB-83AE-B6A6ED9048BD}.Release|x86.ActiveCfg = Release|Any CPU
		{AC2AFFD2-5220-4CFB-83AE-B6A6ED9048BD}.Release|x86.Build.0 = Release|Any CPU
		{25320202-14A6-42ED-AA6A-602006FD55B9}.Debug|Any CPU.ActiveCfg = Debug|Any CPU
		{25320202-14A6-42ED-AA6A-602006FD55B9}.Debug|Any CPU.Build.0 = Debug|Any CPU
		{25320202-14A6-42ED-AA6A-602006FD55B9}.Debug|x86.ActiveCfg = Debug|Any CPU
		{25320202-14A6-42ED-AA6A-602006FD55B9}.Debug|x86.Build.0 = Debug|Any CPU
		{25320202-14A6-42ED-AA6A-602006FD55B9}.Release|Any CPU.ActiveCfg = Release|Any CPU
		{25320202-14A6-42ED-AA6A-602006FD55B9}.Release|Any CPU.Build.0 = Release|Any CPU
		{25320202-14A6-42ED-AA6A-602006FD55B9}.Release|x86.ActiveCfg = Release|Any CPU
		{25320202-14A6-42ED-AA6A-602006FD55B9}.Release|x86.Build.0 = Release|Any CPU
		{0FA1EED5-9F8F-4445-A097-89E56A28F60A}.Debug|Any CPU.ActiveCfg = Debug|Any CPU
		{0FA1EED5-9F8F-4445-A097-89E56A28F60A}.Debug|Any CPU.Build.0 = Debug|Any CPU
		{0FA1EED5-9F8F-4445-A097-89E56A28F60A}.Debug|x86.ActiveCfg = Debug|Any CPU
		{0FA1EED5-9F8F-4445-A097-89E56A28F60A}.Debug|x86.Build.0 = Debug|Any CPU
		{0FA1EED5-9F8F-4445-A097-89E56A28F60A}.Release|Any CPU.ActiveCfg = Release|Any CPU
		{0FA1EED5-9F8F-4445-A097-89E56A28F60A}.Release|Any CPU.Build.0 = Release|Any CPU
		{0FA1EED5-9F8F-4445-A097-89E56A28F60A}.Release|x86.ActiveCfg = Release|Any CPU
		{0FA1EED5-9F8F-4445-A097-89E56A28F60A}.Release|x86.Build.0 = Release|Any CPU
		{33A49433-A3D7-43CC-8B7C-AA29BAD54B07}.Debug|Any CPU.ActiveCfg = Debug|Any CPU
		{33A49433-A3D7-43CC-8B7C-AA29BAD54B07}.Debug|Any CPU.Build.0 = Debug|Any CPU
		{33A49433-A3D7-43CC-8B7C-AA29BAD54B07}.Debug|x86.ActiveCfg = Debug|Any CPU
		{33A49433-A3D7-43CC-8B7C-AA29BAD54B07}.Debug|x86.Build.0 = Debug|Any CPU
		{33A49433-A3D7-43CC-8B7C-AA29BAD54B07}.Release|Any CPU.ActiveCfg = Release|Any CPU
		{33A49433-A3D7-43CC-8B7C-AA29BAD54B07}.Release|Any CPU.Build.0 = Release|Any CPU
		{33A49433-A3D7-43CC-8B7C-AA29BAD54B07}.Release|x86.ActiveCfg = Release|Any CPU
		{33A49433-A3D7-43CC-8B7C-AA29BAD54B07}.Release|x86.Build.0 = Release|Any CPU
		{5FCAC459-E927-41FB-9B1C-44EF0ED3F188}.Debug|Any CPU.ActiveCfg = Debug|Any CPU
		{5FCAC459-E927-41FB-9B1C-44EF0ED3F188}.Debug|Any CPU.Build.0 = Debug|Any CPU
		{5FCAC459-E927-41FB-9B1C-44EF0ED3F188}.Debug|x86.ActiveCfg = Debug|Any CPU
		{5FCAC459-E927-41FB-9B1C-44EF0ED3F188}.Debug|x86.Build.0 = Debug|Any CPU
		{5FCAC459-E927-41FB-9B1C-44EF0ED3F188}.Release|Any CPU.ActiveCfg = Release|Any CPU
		{5FCAC459-E927-41FB-9B1C-44EF0ED3F188}.Release|Any CPU.Build.0 = Release|Any CPU
		{5FCAC459-E927-41FB-9B1C-44EF0ED3F188}.Release|x86.ActiveCfg = Release|Any CPU
		{5FCAC459-E927-41FB-9B1C-44EF0ED3F188}.Release|x86.Build.0 = Release|Any CPU
		{EB1E8DCF-27C4-4CE3-84D2-C2C42FECE84D}.Debug|Any CPU.ActiveCfg = Debug|Any CPU
		{EB1E8DCF-27C4-4CE3-84D2-C2C42FECE84D}.Debug|Any CPU.Build.0 = Debug|Any CPU
		{EB1E8DCF-27C4-4CE3-84D2-C2C42FECE84D}.Debug|x86.ActiveCfg = Debug|Any CPU
		{EB1E8DCF-27C4-4CE3-84D2-C2C42FECE84D}.Debug|x86.Build.0 = Debug|Any CPU
		{EB1E8DCF-27C4-4CE3-84D2-C2C42FECE84D}.Release|Any CPU.ActiveCfg = Release|Any CPU
		{EB1E8DCF-27C4-4CE3-84D2-C2C42FECE84D}.Release|Any CPU.Build.0 = Release|Any CPU
		{EB1E8DCF-27C4-4CE3-84D2-C2C42FECE84D}.Release|x86.ActiveCfg = Release|Any CPU
		{EB1E8DCF-27C4-4CE3-84D2-C2C42FECE84D}.Release|x86.Build.0 = Release|Any CPU
		{98FCBC2D-8EA4-42E6-A745-D691C3576586}.Debug|Any CPU.ActiveCfg = Debug|Any CPU
		{98FCBC2D-8EA4-42E6-A745-D691C3576586}.Debug|Any CPU.Build.0 = Debug|Any CPU
		{98FCBC2D-8EA4-42E6-A745-D691C3576586}.Debug|x86.ActiveCfg = Debug|Any CPU
		{98FCBC2D-8EA4-42E6-A745-D691C3576586}.Debug|x86.Build.0 = Debug|Any CPU
		{98FCBC2D-8EA4-42E6-A745-D691C3576586}.Release|Any CPU.ActiveCfg = Release|Any CPU
		{98FCBC2D-8EA4-42E6-A745-D691C3576586}.Release|Any CPU.Build.0 = Release|Any CPU
		{98FCBC2D-8EA4-42E6-A745-D691C3576586}.Release|x86.ActiveCfg = Release|Any CPU
		{98FCBC2D-8EA4-42E6-A745-D691C3576586}.Release|x86.Build.0 = Release|Any CPU
		{6253FCFB-1969-443D-B937-E2742D7043D7}.Debug|Any CPU.ActiveCfg = Debug|Any CPU
		{6253FCFB-1969-443D-B937-E2742D7043D7}.Debug|Any CPU.Build.0 = Debug|Any CPU
		{6253FCFB-1969-443D-B937-E2742D7043D7}.Debug|x86.ActiveCfg = Debug|Any CPU
		{6253FCFB-1969-443D-B937-E2742D7043D7}.Debug|x86.Build.0 = Debug|Any CPU
		{6253FCFB-1969-443D-B937-E2742D7043D7}.Release|Any CPU.ActiveCfg = Release|Any CPU
		{6253FCFB-1969-443D-B937-E2742D7043D7}.Release|Any CPU.Build.0 = Release|Any CPU
		{6253FCFB-1969-443D-B937-E2742D7043D7}.Release|x86.ActiveCfg = Release|Any CPU
		{6253FCFB-1969-443D-B937-E2742D7043D7}.Release|x86.Build.0 = Release|Any CPU
	EndGlobalSection
	GlobalSection(SolutionProperties) = preSolution
		HideSolutionNode = FALSE
	EndGlobalSection
	GlobalSection(ExtensibilityGlobals) = postSolution
		SolutionGuid = {2617721A-AFDD-4B93-9283-933A79B1A9EC}
	EndGlobalSection
EndGlobal
